// !$*UTF8*$!
{
	archiveVersion = 1;
	classes = {
	};
	objectVersion = 55;
	objects = {

/* Begin PBXBuildFile section */
		47A5DD8428FCCD0D00F0EF18 /* SavedCountries.swift in Sources */ = {isa = PBXBuildFile; fileRef = 47A5DD8328FCCD0D00F0EF18 /* SavedCountries.swift */; };
		47A5DD8828FD9BC200F0EF18 /* SplashScreenView.swift in Sources */ = {isa = PBXBuildFile; fileRef = 47A5DD8728FD9BC200F0EF18 /* SplashScreenView.swift */; };
		47C1824F28F94D3300EE273A /* CountriesApi.swift in Sources */ = {isa = PBXBuildFile; fileRef = 47C1824E28F94D3300EE273A /* CountriesApi.swift */; };
		47C1825128F94E1300EE273A /* CountryService.swift in Sources */ = {isa = PBXBuildFile; fileRef = 47C1825028F94E1300EE273A /* CountryService.swift */; };
		47C1825328F9AECF00EE273A /* CountriesViewModel.swift in Sources */ = {isa = PBXBuildFile; fileRef = 47C1825228F9AECF00EE273A /* CountriesViewModel.swift */; };
		47C1825728F9B20400EE273A /* CountryListView.swift in Sources */ = {isa = PBXBuildFile; fileRef = 47C1825628F9B20400EE273A /* CountryListView.swift */; };
		47C1827528FA943400EE273A /* CountryCell.swift in Sources */ = {isa = PBXBuildFile; fileRef = 47C1827428FA943400EE273A /* CountryCell.swift */; };
		47C1827728FAEBDC00EE273A /* CountryDetailView.swift in Sources */ = {isa = PBXBuildFile; fileRef = 47C1827628FAEBDC00EE273A /* CountryDetailView.swift */; };
		47C1828E28FB163A00EE273A /* CountryDetailResponse.swift in Sources */ = {isa = PBXBuildFile; fileRef = 47C1828D28FB163A00EE273A /* CountryDetailResponse.swift */; };
		47CB4DE828F8240B00C1ECAF /* CountriesApp.swift in Sources */ = {isa = PBXBuildFile; fileRef = 47CB4DE728F8240B00C1ECAF /* CountriesApp.swift */; };
		47CB4DEC28F8240C00C1ECAF /* Assets.xcassets in Resources */ = {isa = PBXBuildFile; fileRef = 47CB4DEB28F8240C00C1ECAF /* Assets.xcassets */; };
		47CB4DEF28F8240C00C1ECAF /* Preview Assets.xcassets in Resources */ = {isa = PBXBuildFile; fileRef = 47CB4DEE28F8240C00C1ECAF /* Preview Assets.xcassets */; };
		47CB4DF928F8240D00C1ECAF /* CountriesTests.swift in Sources */ = {isa = PBXBuildFile; fileRef = 47CB4DF828F8240D00C1ECAF /* CountriesTests.swift */; };
		47CB4E0328F8240D00C1ECAF /* CountriesUITests.swift in Sources */ = {isa = PBXBuildFile; fileRef = 47CB4E0228F8240D00C1ECAF /* CountriesUITests.swift */; };
		47CB4E0528F8240D00C1ECAF /* CountriesUITestsLaunchTests.swift in Sources */ = {isa = PBXBuildFile; fileRef = 47CB4E0428F8240D00C1ECAF /* CountriesUITestsLaunchTests.swift */; };
		47CB4E1A28F8330400C1ECAF /* CountryResponse.swift in Sources */ = {isa = PBXBuildFile; fileRef = 47CB4E1928F8330400C1ECAF /* CountryResponse.swift */; };
		47FC9A0F28FB83BC007381D5 /* Kingfisher in Frameworks */ = {isa = PBXBuildFile; productRef = 47FC9A0E28FB83BC007381D5 /* Kingfisher */; };
		47FC9A1128FB83BC007381D5 /* KingfisherSwiftUI in Frameworks */ = {isa = PBXBuildFile; productRef = 47FC9A1028FB83BC007381D5 /* KingfisherSwiftUI */; };
		47FC9A1428FB8713007381D5 /* SVGView in Frameworks */ = {isa = PBXBuildFile; productRef = 47FC9A1328FB8713007381D5 /* SVGView */; };
		47FC9A3528FC1A6C007381D5 /* SDWebImageSwiftUI in Frameworks */ = {isa = PBXBuildFile; productRef = 47FC9A3428FC1A6C007381D5 /* SDWebImageSwiftUI */; };
		47FC9A3A28FC1AD0007381D5 /* SDWebImageSVGCoder in Frameworks */ = {isa = PBXBuildFile; productRef = 47FC9A3928FC1AD0007381D5 /* SDWebImageSVGCoder */; };
		47FC9A3F28FC38E5007381D5 /* CountryDetailViewModel.swift in Sources */ = {isa = PBXBuildFile; fileRef = 47FC9A3E28FC38E5007381D5 /* CountryDetailViewModel.swift */; };
		47FC9A4328FC438F007381D5 /* TabBarView.swift in Sources */ = {isa = PBXBuildFile; fileRef = 47FC9A4228FC438F007381D5 /* TabBarView.swift */; };
		47FC9A4628FC43D7007381D5 /* SavedCountryListView.swift in Sources */ = {isa = PBXBuildFile; fileRef = 47FC9A4528FC43D7007381D5 /* SavedCountryListView.swift */; };
/* End PBXBuildFile section */

/* Begin PBXContainerItemProxy section */
		47CB4DF528F8240D00C1ECAF /* PBXContainerItemProxy */ = {
			isa = PBXContainerItemProxy;
			containerPortal = 47CB4DDC28F8240B00C1ECAF /* Project object */;
			proxyType = 1;
			remoteGlobalIDString = 47CB4DE328F8240B00C1ECAF;
			remoteInfo = Countries;
		};
		47CB4DFF28F8240D00C1ECAF /* PBXContainerItemProxy */ = {
			isa = PBXContainerItemProxy;
			containerPortal = 47CB4DDC28F8240B00C1ECAF /* Project object */;
			proxyType = 1;
			remoteGlobalIDString = 47CB4DE328F8240B00C1ECAF;
			remoteInfo = Countries;
		};
/* End PBXContainerItemProxy section */

/* Begin PBXFileReference section */
		47A5DD8328FCCD0D00F0EF18 /* SavedCountries.swift */ = {isa = PBXFileReference; lastKnownFileType = sourcecode.swift; path = SavedCountries.swift; sourceTree = "<group>"; };
		47A5DD8728FD9BC200F0EF18 /* SplashScreenView.swift */ = {isa = PBXFileReference; lastKnownFileType = sourcecode.swift; path = SplashScreenView.swift; sourceTree = "<group>"; };
		47C1824E28F94D3300EE273A /* CountriesApi.swift */ = {isa = PBXFileReference; lastKnownFileType = sourcecode.swift; path = CountriesApi.swift; sourceTree = "<group>"; };
		47C1825028F94E1300EE273A /* CountryService.swift */ = {isa = PBXFileReference; lastKnownFileType = sourcecode.swift; path = CountryService.swift; sourceTree = "<group>"; };
		47C1825228F9AECF00EE273A /* CountriesViewModel.swift */ = {isa = PBXFileReference; lastKnownFileType = sourcecode.swift; path = CountriesViewModel.swift; sourceTree = "<group>"; };
		47C1825628F9B20400EE273A /* CountryListView.swift */ = {isa = PBXFileReference; lastKnownFileType = sourcecode.swift; path = CountryListView.swift; sourceTree = "<group>"; };
		47C1827428FA943400EE273A /* CountryCell.swift */ = {isa = PBXFileReference; lastKnownFileType = sourcecode.swift; path = CountryCell.swift; sourceTree = "<group>"; };
		47C1827628FAEBDC00EE273A /* CountryDetailView.swift */ = {isa = PBXFileReference; lastKnownFileType = sourcecode.swift; path = CountryDetailView.swift; sourceTree = "<group>"; };
		47C1828D28FB163A00EE273A /* CountryDetailResponse.swift */ = {isa = PBXFileReference; lastKnownFileType = sourcecode.swift; path = CountryDetailResponse.swift; sourceTree = "<group>"; };
		47CB4DE428F8240B00C1ECAF /* Countries.app */ = {isa = PBXFileReference; explicitFileType = wrapper.application; includeInIndex = 0; path = Countries.app; sourceTree = BUILT_PRODUCTS_DIR; };
		47CB4DE728F8240B00C1ECAF /* CountriesApp.swift */ = {isa = PBXFileReference; lastKnownFileType = sourcecode.swift; path = CountriesApp.swift; sourceTree = "<group>"; };
		47CB4DEB28F8240C00C1ECAF /* Assets.xcassets */ = {isa = PBXFileReference; lastKnownFileType = folder.assetcatalog; path = Assets.xcassets; sourceTree = "<group>"; };
		47CB4DEE28F8240C00C1ECAF /* Preview Assets.xcassets */ = {isa = PBXFileReference; lastKnownFileType = folder.assetcatalog; path = "Preview Assets.xcassets"; sourceTree = "<group>"; };
		47CB4DF428F8240D00C1ECAF /* CountriesTests.xctest */ = {isa = PBXFileReference; explicitFileType = wrapper.cfbundle; includeInIndex = 0; path = CountriesTests.xctest; sourceTree = BUILT_PRODUCTS_DIR; };
		47CB4DF828F8240D00C1ECAF /* CountriesTests.swift */ = {isa = PBXFileReference; lastKnownFileType = sourcecode.swift; path = CountriesTests.swift; sourceTree = "<group>"; };
		47CB4DFE28F8240D00C1ECAF /* CountriesUITests.xctest */ = {isa = PBXFileReference; explicitFileType = wrapper.cfbundle; includeInIndex = 0; path = CountriesUITests.xctest; sourceTree = BUILT_PRODUCTS_DIR; };
		47CB4E0228F8240D00C1ECAF /* CountriesUITests.swift */ = {isa = PBXFileReference; lastKnownFileType = sourcecode.swift; path = CountriesUITests.swift; sourceTree = "<group>"; };
		47CB4E0428F8240D00C1ECAF /* CountriesUITestsLaunchTests.swift */ = {isa = PBXFileReference; lastKnownFileType = sourcecode.swift; path = CountriesUITestsLaunchTests.swift; sourceTree = "<group>"; };
		47CB4E1928F8330400C1ECAF /* CountryResponse.swift */ = {isa = PBXFileReference; lastKnownFileType = sourcecode.swift; path = CountryResponse.swift; sourceTree = "<group>"; };
		47FC9A3E28FC38E5007381D5 /* CountryDetailViewModel.swift */ = {isa = PBXFileReference; lastKnownFileType = sourcecode.swift; path = CountryDetailViewModel.swift; sourceTree = "<group>"; };
		47FC9A4228FC438F007381D5 /* TabBarView.swift */ = {isa = PBXFileReference; lastKnownFileType = sourcecode.swift; path = TabBarView.swift; sourceTree = "<group>"; };
		47FC9A4528FC43D7007381D5 /* SavedCountryListView.swift */ = {isa = PBXFileReference; lastKnownFileType = sourcecode.swift; path = SavedCountryListView.swift; sourceTree = "<group>"; };
/* End PBXFileReference section */

/* Begin PBXFrameworksBuildPhase section */
		47CB4DE128F8240B00C1ECAF /* Frameworks */ = {
			isa = PBXFrameworksBuildPhase;
			buildActionMask = 2147483647;
			files = (
				47FC9A3528FC1A6C007381D5 /* SDWebImageSwiftUI in Frameworks */,
				47FC9A1428FB8713007381D5 /* SVGView in Frameworks */,
				47FC9A1128FB83BC007381D5 /* KingfisherSwiftUI in Frameworks */,
				47FC9A3A28FC1AD0007381D5 /* SDWebImageSVGCoder in Frameworks */,
				47FC9A0F28FB83BC007381D5 /* Kingfisher in Frameworks */,
			);
			runOnlyForDeploymentPostprocessing = 0;
		};
		47CB4DF128F8240D00C1ECAF /* Frameworks */ = {
			isa = PBXFrameworksBuildPhase;
			buildActionMask = 2147483647;
			files = (
			);
			runOnlyForDeploymentPostprocessing = 0;
		};
		47CB4DFB28F8240D00C1ECAF /* Frameworks */ = {
			isa = PBXFrameworksBuildPhase;
			buildActionMask = 2147483647;
			files = (
			);
			runOnlyForDeploymentPostprocessing = 0;
		};
/* End PBXFrameworksBuildPhase section */

/* Begin PBXGroup section */
		47C1827128F9EDD900EE273A /* Pages */ = {
			isa = PBXGroup;
			children = (
				47FC9A4428FC43B7007381D5 /* SavedCountryList */,
				47FC9A4028FC41D3007381D5 /* CountryList */,
				47FC9A3D28FC38C3007381D5 /* CountryDetailView */,
			);
			path = Pages;
			sourceTree = "<group>";
		};
		47C1827228F9EE1200EE273A /* Components */ = {
			isa = PBXGroup;
			children = (
				47C1827428FA943400EE273A /* CountryCell.swift */,
				47FC9A4228FC438F007381D5 /* TabBarView.swift */,
				47A5DD8728FD9BC200F0EF18 /* SplashScreenView.swift */,
			);
			path = Components;
			sourceTree = "<group>";
		};
		47C1827328F9EE6800EE273A /* Networking */ = {
			isa = PBXGroup;
			children = (
				47C1824E28F94D3300EE273A /* CountriesApi.swift */,
				47C1825028F94E1300EE273A /* CountryService.swift */,
			);
			path = Networking;
			sourceTree = "<group>";
		};
		47CB4DDB28F8240B00C1ECAF = {
			isa = PBXGroup;
			children = (
				47CB4DE628F8240B00C1ECAF /* Countries */,
				47CB4DF728F8240D00C1ECAF /* CountriesTests */,
				47CB4E0128F8240D00C1ECAF /* CountriesUITests */,
				47CB4DE528F8240B00C1ECAF /* Products */,
				850B77244E2456CADFB7FAC6 /* Pods */,
			);
			sourceTree = "<group>";
		};
		47CB4DE528F8240B00C1ECAF /* Products */ = {
			isa = PBXGroup;
			children = (
				47CB4DE428F8240B00C1ECAF /* Countries.app */,
				47CB4DF428F8240D00C1ECAF /* CountriesTests.xctest */,
				47CB4DFE28F8240D00C1ECAF /* CountriesUITests.xctest */,
			);
			name = Products;
			sourceTree = "<group>";
		};
		47CB4DE628F8240B00C1ECAF /* Countries */ = {
			isa = PBXGroup;
			children = (
				47C1827328F9EE6800EE273A /* Networking */,
				47C1827228F9EE1200EE273A /* Components */,
				47C1827128F9EDD900EE273A /* Pages */,
				47CB4DE728F8240B00C1ECAF /* CountriesApp.swift */,
				47CB4DEB28F8240C00C1ECAF /* Assets.xcassets */,
				47CB4DED28F8240C00C1ECAF /* Preview Content */,
			);
			path = Countries;
			sourceTree = "<group>";
		};
		47CB4DED28F8240C00C1ECAF /* Preview Content */ = {
			isa = PBXGroup;
			children = (
				47CB4DEE28F8240C00C1ECAF /* Preview Assets.xcassets */,
			);
			path = "Preview Content";
			sourceTree = "<group>";
		};
		47CB4DF728F8240D00C1ECAF /* CountriesTests */ = {
			isa = PBXGroup;
			children = (
				47CB4DF828F8240D00C1ECAF /* CountriesTests.swift */,
			);
			path = CountriesTests;
			sourceTree = "<group>";
		};
		47CB4E0128F8240D00C1ECAF /* CountriesUITests */ = {
			isa = PBXGroup;
			children = (
				47CB4E0228F8240D00C1ECAF /* CountriesUITests.swift */,
				47CB4E0428F8240D00C1ECAF /* CountriesUITestsLaunchTests.swift */,
			);
			path = CountriesUITests;
			sourceTree = "<group>";
		};
		47FC9A3D28FC38C3007381D5 /* CountryDetailView */ = {
			isa = PBXGroup;
			children = (
				47C1828D28FB163A00EE273A /* CountryDetailResponse.swift */,
				47C1827628FAEBDC00EE273A /* CountryDetailView.swift */,
				47FC9A3E28FC38E5007381D5 /* CountryDetailViewModel.swift */,
			);
			path = CountryDetailView;
			sourceTree = "<group>";
		};
		47FC9A4028FC41D3007381D5 /* CountryList */ = {
			isa = PBXGroup;
			children = (
				47CB4E1928F8330400C1ECAF /* CountryResponse.swift */,
				47C1825628F9B20400EE273A /* CountryListView.swift */,
				47C1825228F9AECF00EE273A /* CountriesViewModel.swift */,
			);
			path = CountryList;
			sourceTree = "<group>";
		};
		47FC9A4428FC43B7007381D5 /* SavedCountryList */ = {
			isa = PBXGroup;
			children = (
				47FC9A4528FC43D7007381D5 /* SavedCountryListView.swift */,
				47A5DD8328FCCD0D00F0EF18 /* SavedCountries.swift */,
			);
			path = SavedCountryList;
			sourceTree = "<group>";
		};
		850B77244E2456CADFB7FAC6 /* Pods */ = {
			isa = PBXGroup;
			children = (
			);
			path = Pods;
			sourceTree = "<group>";
		};
/* End PBXGroup section */

/* Begin PBXNativeTarget section */
		47CB4DE328F8240B00C1ECAF /* Countries */ = {
			isa = PBXNativeTarget;
			buildConfigurationList = 47CB4E0828F8240D00C1ECAF /* Build configuration list for PBXNativeTarget "Countries" */;
			buildPhases = (
				47101C9228FDD9FE005B5052 /* SwiftLint */,
				47CB4DE028F8240B00C1ECAF /* Sources */,
				47CB4DE128F8240B00C1ECAF /* Frameworks */,
				47CB4DE228F8240B00C1ECAF /* Resources */,
			);
			buildRules = (
			);
			dependencies = (
				47FC9A3C28FC1ADA007381D5 /* PBXTargetDependency */,
				47FC9A3728FC1A82007381D5 /* PBXTargetDependency */,
			);
			name = Countries;
			packageProductDependencies = (
				47FC9A0E28FB83BC007381D5 /* Kingfisher */,
				47FC9A1028FB83BC007381D5 /* KingfisherSwiftUI */,
				47FC9A1328FB8713007381D5 /* SVGView */,
				47FC9A3428FC1A6C007381D5 /* SDWebImageSwiftUI */,
				47FC9A3928FC1AD0007381D5 /* SDWebImageSVGCoder */,
			);
			productName = Countries;
			productReference = 47CB4DE428F8240B00C1ECAF /* Countries.app */;
			productType = "com.apple.product-type.application";
		};
		47CB4DF328F8240D00C1ECAF /* CountriesTests */ = {
			isa = PBXNativeTarget;
			buildConfigurationList = 47CB4E0B28F8240D00C1ECAF /* Build configuration list for PBXNativeTarget "CountriesTests" */;
			buildPhases = (
				47CB4DF028F8240D00C1ECAF /* Sources */,
				47CB4DF128F8240D00C1ECAF /* Frameworks */,
				47CB4DF228F8240D00C1ECAF /* Resources */,
			);
			buildRules = (
			);
			dependencies = (
				47CB4DF628F8240D00C1ECAF /* PBXTargetDependency */,
			);
			name = CountriesTests;
			productName = CountriesTests;
			productReference = 47CB4DF428F8240D00C1ECAF /* CountriesTests.xctest */;
			productType = "com.apple.product-type.bundle.unit-test";
		};
		47CB4DFD28F8240D00C1ECAF /* CountriesUITests */ = {
			isa = PBXNativeTarget;
			buildConfigurationList = 47CB4E0E28F8240D00C1ECAF /* Build configuration list for PBXNativeTarget "CountriesUITests" */;
			buildPhases = (
				47CB4DFA28F8240D00C1ECAF /* Sources */,
				47CB4DFB28F8240D00C1ECAF /* Frameworks */,
				47CB4DFC28F8240D00C1ECAF /* Resources */,
			);
			buildRules = (
			);
			dependencies = (
				47CB4E0028F8240D00C1ECAF /* PBXTargetDependency */,
			);
			name = CountriesUITests;
			productName = CountriesUITests;
			productReference = 47CB4DFE28F8240D00C1ECAF /* CountriesUITests.xctest */;
			productType = "com.apple.product-type.bundle.ui-testing";
		};
/* End PBXNativeTarget section */

/* Begin PBXProject section */
		47CB4DDC28F8240B00C1ECAF /* Project object */ = {
			isa = PBXProject;
			attributes = {
				BuildIndependentTargetsInParallel = 1;
				LastSwiftUpdateCheck = 1320;
				LastUpgradeCheck = 1320;
				TargetAttributes = {
					47CB4DE328F8240B00C1ECAF = {
						CreatedOnToolsVersion = 13.2.1;
					};
					47CB4DF328F8240D00C1ECAF = {
						CreatedOnToolsVersion = 13.2.1;
						TestTargetID = 47CB4DE328F8240B00C1ECAF;
					};
					47CB4DFD28F8240D00C1ECAF = {
						CreatedOnToolsVersion = 13.2.1;
						TestTargetID = 47CB4DE328F8240B00C1ECAF;
					};
				};
			};
			buildConfigurationList = 47CB4DDF28F8240B00C1ECAF /* Build configuration list for PBXProject "Countries" */;
			compatibilityVersion = "Xcode 13.0";
			developmentRegion = en;
			hasScannedForEncodings = 0;
			knownRegions = (
				en,
				Base,
			);
			mainGroup = 47CB4DDB28F8240B00C1ECAF;
			packageReferences = (
				47FC9A0D28FB83BC007381D5 /* XCRemoteSwiftPackageReference "Kingfisher" */,
				47FC9A1228FB8713007381D5 /* XCRemoteSwiftPackageReference "SVGView" */,
				47FC9A3328FC1A6C007381D5 /* XCRemoteSwiftPackageReference "SDWebImageSwiftUI" */,
				47FC9A3828FC1AD0007381D5 /* XCRemoteSwiftPackageReference "SDWebImageSVGCoder" */,
			);
			productRefGroup = 47CB4DE528F8240B00C1ECAF /* Products */;
			projectDirPath = "";
			projectRoot = "";
			targets = (
				47CB4DE328F8240B00C1ECAF /* Countries */,
				47CB4DF328F8240D00C1ECAF /* CountriesTests */,
				47CB4DFD28F8240D00C1ECAF /* CountriesUITests */,
			);
		};
/* End PBXProject section */

/* Begin PBXResourcesBuildPhase section */
		47CB4DE228F8240B00C1ECAF /* Resources */ = {
			isa = PBXResourcesBuildPhase;
			buildActionMask = 2147483647;
			files = (
				47CB4DEF28F8240C00C1ECAF /* Preview Assets.xcassets in Resources */,
				47CB4DEC28F8240C00C1ECAF /* Assets.xcassets in Resources */,
			);
			runOnlyForDeploymentPostprocessing = 0;
		};
		47CB4DF228F8240D00C1ECAF /* Resources */ = {
			isa = PBXResourcesBuildPhase;
			buildActionMask = 2147483647;
			files = (
			);
			runOnlyForDeploymentPostprocessing = 0;
		};
		47CB4DFC28F8240D00C1ECAF /* Resources */ = {
			isa = PBXResourcesBuildPhase;
			buildActionMask = 2147483647;
			files = (
			);
			runOnlyForDeploymentPostprocessing = 0;
		};
/* End PBXResourcesBuildPhase section */

/* Begin PBXShellScriptBuildPhase section */
		47101C9228FDD9FE005B5052 /* SwiftLint */ = {
			isa = PBXShellScriptBuildPhase;
			buildActionMask = 2147483647;
			files = (
			);
			inputFileListPaths = (
			);
			inputPaths = (
			);
			name = SwiftLint;
			outputFileListPaths = (
			);
			outputPaths = (
			);
			runOnlyForDeploymentPostprocessing = 0;
			shellPath = /bin/sh;
			shellScript = "export PATH=\"$PATH:/opt/homebrew/bin\" \nif which swiftlint >/dev/null; then\n  swiftlint --config ./.swiftlint.yml\nelse\n  echo \"warning: SwiftLint not installed, download from https://github.com/realm/SwiftLint\"\nfi\n";
		};
/* End PBXShellScriptBuildPhase section */

/* Begin PBXSourcesBuildPhase section */
		47CB4DE028F8240B00C1ECAF /* Sources */ = {
			isa = PBXSourcesBuildPhase;
			buildActionMask = 2147483647;
			files = (
				47C1827528FA943400EE273A /* CountryCell.swift in Sources */,
				47CB4E1A28F8330400C1ECAF /* CountryResponse.swift in Sources */,
				47FC9A4328FC438F007381D5 /* TabBarView.swift in Sources */,
				47FC9A3F28FC38E5007381D5 /* CountryDetailViewModel.swift in Sources */,
				47C1824F28F94D3300EE273A /* CountriesApi.swift in Sources */,
				47A5DD8428FCCD0D00F0EF18 /* SavedCountries.swift in Sources */,
				47A5DD8828FD9BC200F0EF18 /* SplashScreenView.swift in Sources */,
				47C1827728FAEBDC00EE273A /* CountryDetailView.swift in Sources */,
				47C1828E28FB163A00EE273A /* CountryDetailResponse.swift in Sources */,
				47C1825728F9B20400EE273A /* CountryListView.swift in Sources */,
				47C1825128F94E1300EE273A /* CountryService.swift in Sources */,
				47FC9A4628FC43D7007381D5 /* SavedCountryListView.swift in Sources */,
				47CB4DE828F8240B00C1ECAF /* CountriesApp.swift in Sources */,
				47C1825328F9AECF00EE273A /* CountriesViewModel.swift in Sources */,
			);
			runOnlyForDeploymentPostprocessing = 0;
		};
		47CB4DF028F8240D00C1ECAF /* Sources */ = {
			isa = PBXSourcesBuildPhase;
			buildActionMask = 2147483647;
			files = (
				47CB4DF928F8240D00C1ECAF /* CountriesTests.swift in Sources */,
			);
			runOnlyForDeploymentPostprocessing = 0;
		};
		47CB4DFA28F8240D00C1ECAF /* Sources */ = {
			isa = PBXSourcesBuildPhase;
			buildActionMask = 2147483647;
			files = (
				47CB4E0328F8240D00C1ECAF /* CountriesUITests.swift in Sources */,
				47CB4E0528F8240D00C1ECAF /* CountriesUITestsLaunchTests.swift in Sources */,
			);
			runOnlyForDeploymentPostprocessing = 0;
		};
/* End PBXSourcesBuildPhase section */

/* Begin PBXTargetDependency section */
		47CB4DF628F8240D00C1ECAF /* PBXTargetDependency */ = {
			isa = PBXTargetDependency;
			target = 47CB4DE328F8240B00C1ECAF /* Countries */;
			targetProxy = 47CB4DF528F8240D00C1ECAF /* PBXContainerItemProxy */;
		};
		47CB4E0028F8240D00C1ECAF /* PBXTargetDependency */ = {
			isa = PBXTargetDependency;
			target = 47CB4DE328F8240B00C1ECAF /* Countries */;
			targetProxy = 47CB4DFF28F8240D00C1ECAF /* PBXContainerItemProxy */;
		};
		47FC9A3728FC1A82007381D5 /* PBXTargetDependency */ = {
			isa = PBXTargetDependency;
		};
		47FC9A3C28FC1ADA007381D5 /* PBXTargetDependency */ = {
			isa = PBXTargetDependency;
		};
/* End PBXTargetDependency section */

/* Begin XCBuildConfiguration section */
		47CB4E0628F8240D00C1ECAF /* Debug */ = {
			isa = XCBuildConfiguration;
			buildSettings = {
				ALWAYS_SEARCH_USER_PATHS = NO;
				CLANG_ANALYZER_NONNULL = YES;
				CLANG_ANALYZER_NUMBER_OBJECT_CONVERSION = YES_AGGRESSIVE;
				CLANG_CXX_LANGUAGE_STANDARD = "gnu++17";
				CLANG_CXX_LIBRARY = "libc++";
				CLANG_ENABLE_MODULES = YES;
				CLANG_ENABLE_OBJC_ARC = YES;
				CLANG_ENABLE_OBJC_WEAK = YES;
				CLANG_WARN_BLOCK_CAPTURE_AUTORELEASING = YES;
				CLANG_WARN_BOOL_CONVERSION = YES;
				CLANG_WARN_COMMA = YES;
				CLANG_WARN_CONSTANT_CONVERSION = YES;
				CLANG_WARN_DEPRECATED_OBJC_IMPLEMENTATIONS = YES;
				CLANG_WARN_DIRECT_OBJC_ISA_USAGE = YES_ERROR;
				CLANG_WARN_DOCUMENTATION_COMMENTS = YES;
				CLANG_WARN_EMPTY_BODY = YES;
				CLANG_WARN_ENUM_CONVERSION = YES;
				CLANG_WARN_INFINITE_RECURSION = YES;
				CLANG_WARN_INT_CONVERSION = YES;
				CLANG_WARN_NON_LITERAL_NULL_CONVERSION = YES;
				CLANG_WARN_OBJC_IMPLICIT_RETAIN_SELF = YES;
				CLANG_WARN_OBJC_LITERAL_CONVERSION = YES;
				CLANG_WARN_OBJC_ROOT_CLASS = YES_ERROR;
				CLANG_WARN_QUOTED_INCLUDE_IN_FRAMEWORK_HEADER = YES;
				CLANG_WARN_RANGE_LOOP_ANALYSIS = YES;
				CLANG_WARN_STRICT_PROTOTYPES = YES;
				CLANG_WARN_SUSPICIOUS_MOVE = YES;
				CLANG_WARN_UNGUARDED_AVAILABILITY = YES_AGGRESSIVE;
				CLANG_WARN_UNREACHABLE_CODE = YES;
				CLANG_WARN__DUPLICATE_METHOD_MATCH = YES;
				COPY_PHASE_STRIP = NO;
				DEBUG_INFORMATION_FORMAT = dwarf;
				ENABLE_STRICT_OBJC_MSGSEND = YES;
				ENABLE_TESTABILITY = YES;
				GCC_C_LANGUAGE_STANDARD = gnu11;
				GCC_DYNAMIC_NO_PIC = NO;
				GCC_NO_COMMON_BLOCKS = YES;
				GCC_OPTIMIZATION_LEVEL = 0;
				GCC_PREPROCESSOR_DEFINITIONS = (
					"DEBUG=1",
					"$(inherited)",
				);
				GCC_WARN_64_TO_32_BIT_CONVERSION = YES;
				GCC_WARN_ABOUT_RETURN_TYPE = YES_ERROR;
				GCC_WARN_UNDECLARED_SELECTOR = YES;
				GCC_WARN_UNINITIALIZED_AUTOS = YES_AGGRESSIVE;
				GCC_WARN_UNUSED_FUNCTION = YES;
				GCC_WARN_UNUSED_VARIABLE = YES;
				IPHONEOS_DEPLOYMENT_TARGET = 15.2;
				MTL_ENABLE_DEBUG_INFO = INCLUDE_SOURCE;
				MTL_FAST_MATH = YES;
				ONLY_ACTIVE_ARCH = YES;
				SDKROOT = iphoneos;
				SWIFT_ACTIVE_COMPILATION_CONDITIONS = DEBUG;
				SWIFT_OPTIMIZATION_LEVEL = "-Onone";
			};
			name = Debug;
		};
		47CB4E0728F8240D00C1ECAF /* Release */ = {
			isa = XCBuildConfiguration;
			buildSettings = {
				ALWAYS_SEARCH_USER_PATHS = NO;
				CLANG_ANALYZER_NONNULL = YES;
				CLANG_ANALYZER_NUMBER_OBJECT_CONVERSION = YES_AGGRESSIVE;
				CLANG_CXX_LANGUAGE_STANDARD = "gnu++17";
				CLANG_CXX_LIBRARY = "libc++";
				CLANG_ENABLE_MODULES = YES;
				CLANG_ENABLE_OBJC_ARC = YES;
				CLANG_ENABLE_OBJC_WEAK = YES;
				CLANG_WARN_BLOCK_CAPTURE_AUTORELEASING = YES;
				CLANG_WARN_BOOL_CONVERSION = YES;
				CLANG_WARN_COMMA = YES;
				CLANG_WARN_CONSTANT_CONVERSION = YES;
				CLANG_WARN_DEPRECATED_OBJC_IMPLEMENTATIONS = YES;
				CLANG_WARN_DIRECT_OBJC_ISA_USAGE = YES_ERROR;
				CLANG_WARN_DOCUMENTATION_COMMENTS = YES;
				CLANG_WARN_EMPTY_BODY = YES;
				CLANG_WARN_ENUM_CONVERSION = YES;
				CLANG_WARN_INFINITE_RECURSION = YES;
				CLANG_WARN_INT_CONVERSION = YES;
				CLANG_WARN_NON_LITERAL_NULL_CONVERSION = YES;
				CLANG_WARN_OBJC_IMPLICIT_RETAIN_SELF = YES;
				CLANG_WARN_OBJC_LITERAL_CONVERSION = YES;
				CLANG_WARN_OBJC_ROOT_CLASS = YES_ERROR;
				CLANG_WARN_QUOTED_INCLUDE_IN_FRAMEWORK_HEADER = YES;
				CLANG_WARN_RANGE_LOOP_ANALYSIS = YES;
				CLANG_WARN_STRICT_PROTOTYPES = YES;
				CLANG_WARN_SUSPICIOUS_MOVE = YES;
				CLANG_WARN_UNGUARDED_AVAILABILITY = YES_AGGRESSIVE;
				CLANG_WARN_UNREACHABLE_CODE = YES;
				CLANG_WARN__DUPLICATE_METHOD_MATCH = YES;
				COPY_PHASE_STRIP = NO;
				DEBUG_INFORMATION_FORMAT = "dwarf-with-dsym";
				ENABLE_NS_ASSERTIONS = NO;
				ENABLE_STRICT_OBJC_MSGSEND = YES;
				GCC_C_LANGUAGE_STANDARD = gnu11;
				GCC_NO_COMMON_BLOCKS = YES;
				GCC_WARN_64_TO_32_BIT_CONVERSION = YES;
				GCC_WARN_ABOUT_RETURN_TYPE = YES_ERROR;
				GCC_WARN_UNDECLARED_SELECTOR = YES;
				GCC_WARN_UNINITIALIZED_AUTOS = YES_AGGRESSIVE;
				GCC_WARN_UNUSED_FUNCTION = YES;
				GCC_WARN_UNUSED_VARIABLE = YES;
				IPHONEOS_DEPLOYMENT_TARGET = 15.2;
				MTL_ENABLE_DEBUG_INFO = NO;
				MTL_FAST_MATH = YES;
				SDKROOT = iphoneos;
				SWIFT_COMPILATION_MODE = wholemodule;
				SWIFT_OPTIMIZATION_LEVEL = "-O";
				VALIDATE_PRODUCT = YES;
			};
			name = Release;
		};
		47CB4E0928F8240D00C1ECAF /* Debug */ = {
			isa = XCBuildConfiguration;
			buildSettings = {
				ASSETCATALOG_COMPILER_APPICON_NAME = AppIcon;
				ASSETCATALOG_COMPILER_GLOBAL_ACCENT_COLOR_NAME = AccentColor;
				CODE_SIGN_STYLE = Automatic;
				CURRENT_PROJECT_VERSION = 1;
				DEVELOPMENT_ASSET_PATHS = "\"Countries/Preview Content\"";
				DEVELOPMENT_TEAM = JTJRJ8RSTF;
				ENABLE_PREVIEWS = YES;
				GENERATE_INFOPLIST_FILE = YES;
				INFOPLIST_KEY_UIApplicationSceneManifest_Generation = YES;
				INFOPLIST_KEY_UIApplicationSupportsIndirectInputEvents = YES;
				INFOPLIST_KEY_UILaunchScreen_Generation = YES;
				INFOPLIST_KEY_UISupportedInterfaceOrientations_iPad = "UIInterfaceOrientationPortrait UIInterfaceOrientationPortraitUpsideDown UIInterfaceOrientationLandscapeLeft UIInterfaceOrientationLandscapeRight";
				INFOPLIST_KEY_UISupportedInterfaceOrientations_iPhone = "UIInterfaceOrientationPortrait UIInterfaceOrientationLandscapeLeft UIInterfaceOrientationLandscapeRight";
				LD_RUNPATH_SEARCH_PATHS = (
					"$(inherited)",
					"@executable_path/Frameworks",
				);
				MARKETING_VERSION = 1.0;
				PRODUCT_BUNDLE_IDENTIFIER = com.Kertmen.Countries;
				PRODUCT_NAME = "$(TARGET_NAME)";
				SWIFT_EMIT_LOC_STRINGS = YES;
				SWIFT_VERSION = 5.0;
				TARGETED_DEVICE_FAMILY = "1,2";
			};
			name = Debug;
		};
		47CB4E0A28F8240D00C1ECAF /* Release */ = {
			isa = XCBuildConfiguration;
			buildSettings = {
				ASSETCATALOG_COMPILER_APPICON_NAME = AppIcon;
				ASSETCATALOG_COMPILER_GLOBAL_ACCENT_COLOR_NAME = AccentColor;
				CODE_SIGN_STYLE = Automatic;
				CURRENT_PROJECT_VERSION = 1;
				DEVELOPMENT_ASSET_PATHS = "\"Countries/Preview Content\"";
				DEVELOPMENT_TEAM = JTJRJ8RSTF;
				ENABLE_PREVIEWS = YES;
				GENERATE_INFOPLIST_FILE = YES;
				INFOPLIST_KEY_UIApplicationSceneManifest_Generation = YES;
				INFOPLIST_KEY_UIApplicationSupportsIndirectInputEvents = YES;
				INFOPLIST_KEY_UILaunchScreen_Generation = YES;
				INFOPLIST_KEY_UISupportedInterfaceOrientations_iPad = "UIInterfaceOrientationPortrait UIInterfaceOrientationPortraitUpsideDown UIInterfaceOrientationLandscapeLeft UIInterfaceOrientationLandscapeRight";
				INFOPLIST_KEY_UISupportedInterfaceOrientations_iPhone = "UIInterfaceOrientationPortrait UIInterfaceOrientationLandscapeLeft UIInterfaceOrientationLandscapeRight";
				LD_RUNPATH_SEARCH_PATHS = (
					"$(inherited)",
					"@executable_path/Frameworks",
				);
				MARKETING_VERSION = 1.0;
				PRODUCT_BUNDLE_IDENTIFIER = com.Kertmen.Countries;
				PRODUCT_NAME = "$(TARGET_NAME)";
				SWIFT_EMIT_LOC_STRINGS = YES;
				SWIFT_VERSION = 5.0;
				TARGETED_DEVICE_FAMILY = "1,2";
			};
			name = Release;
		};
		47CB4E0C28F8240D00C1ECAF /* Debug */ = {
			isa = XCBuildConfiguration;
			buildSettings = {
				ALWAYS_EMBED_SWIFT_STANDARD_LIBRARIES = YES;
				BUNDLE_LOADER = "$(TEST_HOST)";
				CODE_SIGN_STYLE = Automatic;
				CURRENT_PROJECT_VERSION = 1;
				DEVELOPMENT_TEAM = JTJRJ8RSTF;
				GENERATE_INFOPLIST_FILE = YES;
				IPHONEOS_DEPLOYMENT_TARGET = 15.2;
				MARKETING_VERSION = 1.0;
				PRODUCT_BUNDLE_IDENTIFIER = com.Kertmen.CountriesTests;
				PRODUCT_NAME = "$(TARGET_NAME)";
				SWIFT_EMIT_LOC_STRINGS = NO;
				SWIFT_VERSION = 5.0;
				TARGETED_DEVICE_FAMILY = "1,2";
				TEST_HOST = "$(BUILT_PRODUCTS_DIR)/Countries.app/Countries";
			};
			name = Debug;
		};
		47CB4E0D28F8240D00C1ECAF /* Release */ = {
			isa = XCBuildConfiguration;
			buildSettings = {
				ALWAYS_EMBED_SWIFT_STANDARD_LIBRARIES = YES;
				BUNDLE_LOADER = "$(TEST_HOST)";
				CODE_SIGN_STYLE = Automatic;
				CURRENT_PROJECT_VERSION = 1;
				DEVELOPMENT_TEAM = JTJRJ8RSTF;
				GENERATE_INFOPLIST_FILE = YES;
				IPHONEOS_DEPLOYMENT_TARGET = 15.2;
				MARKETING_VERSION = 1.0;
				PRODUCT_BUNDLE_IDENTIFIER = com.Kertmen.CountriesTests;
				PRODUCT_NAME = "$(TARGET_NAME)";
				SWIFT_EMIT_LOC_STRINGS = NO;
				SWIFT_VERSION = 5.0;
				TARGETED_DEVICE_FAMILY = "1,2";
				TEST_HOST = "$(BUILT_PRODUCTS_DIR)/Countries.app/Countries";
			};
			name = Release;
		};
		47CB4E0F28F8240D00C1ECAF /* Debug */ = {
			isa = XCBuildConfiguration;
			buildSettings = {
				ALWAYS_EMBED_SWIFT_STANDARD_LIBRARIES = YES;
				CODE_SIGN_STYLE = Automatic;
				CURRENT_PROJECT_VERSION = 1;
				DEVELOPMENT_TEAM = JTJRJ8RSTF;
				GENERATE_INFOPLIST_FILE = YES;
				MARKETING_VERSION = 1.0;
				PRODUCT_BUNDLE_IDENTIFIER = com.Kertmen.CountriesUITests;
				PRODUCT_NAME = "$(TARGET_NAME)";
				SWIFT_EMIT_LOC_STRINGS = NO;
				SWIFT_VERSION = 5.0;
				TARGETED_DEVICE_FAMILY = "1,2";
				TEST_TARGET_NAME = Countries;
			};
			name = Debug;
		};
		47CB4E1028F8240D00C1ECAF /* Release */ = {
			isa = XCBuildConfiguration;
			buildSettings = {
				ALWAYS_EMBED_SWIFT_STANDARD_LIBRARIES = YES;
				CODE_SIGN_STYLE = Automatic;
				CURRENT_PROJECT_VERSION = 1;
				DEVELOPMENT_TEAM = JTJRJ8RSTF;
				GENERATE_INFOPLIST_FILE = YES;
				MARKETING_VERSION = 1.0;
				PRODUCT_BUNDLE_IDENTIFIER = com.Kertmen.CountriesUITests;
				PRODUCT_NAME = "$(TARGET_NAME)";
				SWIFT_EMIT_LOC_STRINGS = NO;
				SWIFT_VERSION = 5.0;
				TARGETED_DEVICE_FAMILY = "1,2";
				TEST_TARGET_NAME = Countries;
			};
			name = Release;
		};
/* End XCBuildConfiguration section */

/* Begin XCConfigurationList section */
		47CB4DDF28F8240B00C1ECAF /* Build configuration list for PBXProject "Countries" */ = {
			isa = XCConfigurationList;
			buildConfigurations = (
				47CB4E0628F8240D00C1ECAF /* Debug */,
				47CB4E0728F8240D00C1ECAF /* Release */,
			);
			defaultConfigurationIsVisible = 0;
			defaultConfigurationName = Release;
		};
		47CB4E0828F8240D00C1ECAF /* Build configuration list for PBXNativeTarget "Countries" */ = {
			isa = XCConfigurationList;
			buildConfigurations = (
				47CB4E0928F8240D00C1ECAF /* Debug */,
				47CB4E0A28F8240D00C1ECAF /* Release */,
			);
			defaultConfigurationIsVisible = 0;
			defaultConfigurationName = Release;
		};
		47CB4E0B28F8240D00C1ECAF /* Build configuration list for PBXNativeTarget "CountriesTests" */ = {
			isa = XCConfigurationList;
			buildConfigurations = (
				47CB4E0C28F8240D00C1ECAF /* Debug */,
				47CB4E0D28F8240D00C1ECAF /* Release */,
			);
			defaultConfigurationIsVisible = 0;
			defaultConfigurationName = Release;
		};
		47CB4E0E28F8240D00C1ECAF /* Build configuration list for PBXNativeTarget "CountriesUITests" */ = {
			isa = XCConfigurationList;
			buildConfigurations = (
				47CB4E0F28F8240D00C1ECAF /* Debug */,
				47CB4E1028F8240D00C1ECAF /* Release */,
			);
			defaultConfigurationIsVisible = 0;
			defaultConfigurationName = Release;
		};
/* End XCConfigurationList section */

/* Begin XCRemoteSwiftPackageReference section */
		47FC9A0D28FB83BC007381D5 /* XCRemoteSwiftPackageReference "Kingfisher" */ = {
			isa = XCRemoteSwiftPackageReference;
			repositoryURL = "https://github.com/onevcat/Kingfisher.git";
			requirement = {
				kind = upToNextMajorVersion;
				minimumVersion = 5.0.0;
			};
		};
		47FC9A1228FB8713007381D5 /* XCRemoteSwiftPackageReference "SVGView" */ = {
			isa = XCRemoteSwiftPackageReference;
			repositoryURL = "https://github.com/exyte/SVGView";
			requirement = {
				kind = upToNextMajorVersion;
				minimumVersion = 1.0.0;
			};
		};
		47FC9A3328FC1A6C007381D5 /* XCRemoteSwiftPackageReference "SDWebImageSwiftUI" */ = {
			isa = XCRemoteSwiftPackageReference;
			repositoryURL = "https://github.com/SDWebImage/SDWebImageSwiftUI";
			requirement = {
				kind = upToNextMajorVersion;
				minimumVersion = 2.0.0;
			};
		};
		47FC9A3828FC1AD0007381D5 /* XCRemoteSwiftPackageReference "SDWebImageSVGCoder" */ = {
			isa = XCRemoteSwiftPackageReference;
			repositoryURL = "https://github.com/SDWebImage/SDWebImageSVGCoder.git";
			requirement = {
				kind = upToNextMajorVersion;
				minimumVersion = 1.0.0;
			};
		};
/* End XCRemoteSwiftPackageReference section */

/* Begin XCSwiftPackageProductDependency section */
		47FC9A0E28FB83BC007381D5 /* Kingfisher */ = {
			isa = XCSwiftPackageProductDependency;
			package = 47FC9A0D28FB83BC007381D5 /* XCRemoteSwiftPackageReference "Kingfisher" */;
			productName = Kingfisher;
		};
		47FC9A1028FB83BC007381D5 /* KingfisherSwiftUI */ = {
			isa = XCSwiftPackageProductDependency;
			package = 47FC9A0D28FB83BC007381D5 /* XCRemoteSwiftPackageReference "Kingfisher" */;
			productName = KingfisherSwiftUI;
		};
		47FC9A1328FB8713007381D5 /* SVGView */ = {
			isa = XCSwiftPackageProductDependency;
			package = 47FC9A1228FB8713007381D5 /* XCRemoteSwiftPackageReference "SVGView" */;
			productName = SVGView;
		};
		47FC9A3428FC1A6C007381D5 /* SDWebImageSwiftUI */ = {
			isa = XCSwiftPackageProductDependency;
			package = 47FC9A3328FC1A6C007381D5 /* XCRemoteSwiftPackageReference "SDWebImageSwiftUI" */;
			productName = SDWebImageSwiftUI;
		};
		47FC9A3928FC1AD0007381D5 /* SDWebImageSVGCoder */ = {
			isa = XCSwiftPackageProductDependency;
			package = 47FC9A3828FC1AD0007381D5 /* XCRemoteSwiftPackageReference "SDWebImageSVGCoder" */;
			productName = SDWebImageSVGCoder;
		};
/* End XCSwiftPackageProductDependency section */
	};
	rootObject = 47CB4DDC28F8240B00C1ECAF /* Project object */;
}
